// !$*UTF8*$!
{
	archiveVersion = 1;
	classes = {
	};
	objectVersion = 46;
	objects = {

/* Begin PBXBuildFile section */
		5315F4201E7A86F2009C2C20 /* main.m in Sources */ = {isa = PBXBuildFile; fileRef = 5315F41F1E7A86F2009C2C20 /* main.m */; };
		5315F4231E7A86F2009C2C20 /* AppDelegate.m in Sources */ = {isa = PBXBuildFile; fileRef = 5315F4221E7A86F2009C2C20 /* AppDelegate.m */; };
		5315F4261E7A86F2009C2C20 /* ViewController.m in Sources */ = {isa = PBXBuildFile; fileRef = 5315F4251E7A86F2009C2C20 /* ViewController.m */; };
		5315F4291E7A86F2009C2C20 /* Main.storyboard in Resources */ = {isa = PBXBuildFile; fileRef = 5315F4271E7A86F2009C2C20 /* Main.storyboard */; };
		5315F42B1E7A86F2009C2C20 /* Assets.xcassets in Resources */ = {isa = PBXBuildFile; fileRef = 5315F42A1E7A86F2009C2C20 /* Assets.xcassets */; };
		5315F42E1E7A86F2009C2C20 /* LaunchScreen.storyboard in Resources */ = {isa = PBXBuildFile; fileRef = 5315F42C1E7A86F2009C2C20 /* LaunchScreen.storyboard */; };
		5315F4391E7A86F2009C2C20 /* MJLabelTests.m in Sources */ = {isa = PBXBuildFile; fileRef = 5315F4381E7A86F2009C2C20 /* MJLabelTests.m */; };
		5315F4441E7A86F2009C2C20 /* MJLabelUITests.m in Sources */ = {isa = PBXBuildFile; fileRef = 5315F4431E7A86F2009C2C20 /* MJLabelUITests.m */; };
/* End PBXBuildFile section */

/* Begin PBXContainerItemProxy section */
		5315F4351E7A86F2009C2C20 /* PBXContainerItemProxy */ = {
			isa = PBXContainerItemProxy;
			containerPortal = 5315F4131E7A86F1009C2C20 /* Project object */;
			proxyType = 1;
			remoteGlobalIDString = 5315F41A1E7A86F2009C2C20;
			remoteInfo = MJLabel;
		};
		5315F4401E7A86F2009C2C20 /* PBXContainerItemProxy */ = {
			isa = PBXContainerItemProxy;
			containerPortal = 5315F4131E7A86F1009C2C20 /* Project object */;
			proxyType = 1;
			remoteGlobalIDString = 5315F41A1E7A86F2009C2C20;
			remoteInfo = MJLabel;
		};
/* End PBXContainerItemProxy section */

/* Begin PBXFileReference section */
		5315F41B1E7A86F2009C2C20 /* MJLabel.app */ = {isa = PBXFileReference; explicitFileType = wrapper.application; includeInIndex = 0; path = MJLabel.app; sourceTree = BUILT_PRODUCTS_DIR; };
		5315F41F1E7A86F2009C2C20 /* main.m */ = {isa = PBXFileReference; lastKnownFileType = sourcecode.c.objc; path = main.m; sourceTree = "<group>"; };
		5315F4211E7A86F2009C2C20 /* AppDelegate.h */ = {isa = PBXFileReference; lastKnownFileType = sourcecode.c.h; path = AppDelegate.h; sourceTree = "<group>"; };
		5315F4221E7A86F2009C2C20 /* AppDelegate.m */ = {isa = PBXFileReference; lastKnownFileType = sourcecode.c.objc; path = AppDelegate.m; sourceTree = "<group>"; };
		5315F4241E7A86F2009C2C20 /* ViewController.h */ = {isa = PBXFileReference; lastKnownFileType = sourcecode.c.h; path = ViewController.h; sourceTree = "<group>"; };
		5315F4251E7A86F2009C2C20 /* ViewController.m */ = {isa = PBXFileReference; lastKnownFileType = sourcecode.c.objc; path = ViewController.m; sourceTree = "<group>"; };
		5315F4281E7A86F2009C2C20 /* Base */ = {isa = PBXFileReference; lastKnownFileType = file.storyboard; name = Base; path = Base.lproj/Main.storyboard; sourceTree = "<group>"; };
		5315F42A1E7A86F2009C2C20 /* Assets.xcassets */ = {isa = PBXFileReference; lastKnownFileType = folder.assetcatalog; path = Assets.xcassets; sourceTree = "<group>"; };
		5315F42D1E7A86F2009C2C20 /* Base */ = {isa = PBXFileReference; lastKnownFileType = file.storyboard; name = Base; path = Base.lproj/LaunchScreen.storyboard; sourceTree = "<group>"; };
		5315F42F1E7A86F2009C2C20 /* Info.plist */ = {isa = PBXFileReference; lastKnownFileType = text.plist.xml; path = Info.plist; sourceTree = "<group>"; };
		5315F4341E7A86F2009C2C20 /* MJLabelTests.xctest */ = {isa = PBXFileReference; explicitFileType = wrapper.cfbundle; includeInIndex = 0; path = MJLabelTests.xctest; sourceTree = BUILT_PRODUCTS_DIR; };
		5315F4381E7A86F2009C2C20 /* MJLabelTests.m */ = {isa = PBXFileReference; lastKnownFileType = sourcecode.c.objc; path = MJLabelTests.m; sourceTree = "<group>"; };
		5315F43A1E7A86F2009C2C20 /* Info.plist */ = {isa = PBXFileReference; lastKnownFileType = text.plist.xml; path = Info.plist; sourceTree = "<group>"; };
		5315F43F1E7A86F2009C2C20 /* MJLabelUITests.xctest */ = {isa = PBXFileReference; explicitFileType = wrapper.cfbundle; includeInIndex = 0; path = MJLabelUITests.xctest; sourceTree = BUILT_PRODUCTS_DIR; };
		5315F4431E7A86F2009C2C20 /* MJLabelUITests.m */ = {isa = PBXFileReference; lastKnownFileType = sourcecode.c.objc; path = MJLabelUITests.m; sourceTree = "<group>"; };
		5315F4451E7A86F2009C2C20 /* Info.plist */ = {isa = PBXFileReference; lastKnownFileType = text.plist.xml; path = Info.plist; sourceTree = "<group>"; };
/* End PBXFileReference section */

/* Begin PBXFrameworksBuildPhase section */
		5315F4181E7A86F2009C2C20 /* Frameworks */ = {
			isa = PBXFrameworksBuildPhase;
			buildActionMask = 2147483647;
			files = (
			);
			runOnlyForDeploymentPostprocessing = 0;
		};
		5315F4311E7A86F2009C2C20 /* Frameworks */ = {
			isa = PBXFrameworksBuildPhase;
			buildActionMask = 2147483647;
			files = (
			);
			runOnlyForDeploymentPostprocessing = 0;
		};
		5315F43C1E7A86F2009C2C20 /* Frameworks */ = {
			isa = PBXFrameworksBuildPhase;
			buildActionMask = 2147483647;
			files = (
			);
			runOnlyForDeploymentPostprocessing = 0;
		};
/* End PBXFrameworksBuildPhase section */

/* Begin PBXGroup section */
		5315F4121E7A86F1009C2C20 = {
			isa = PBXGroup;
			children = (
				5315F41D1E7A86F2009C2C20 /* MJLabel */,
				5315F4371E7A86F2009C2C20 /* MJLabelTests */,
				5315F4421E7A86F2009C2C20 /* MJLabelUITests */,
				5315F41C1E7A86F2009C2C20 /* Products */,
			);
			sourceTree = "<group>";
		};
		5315F41C1E7A86F2009C2C20 /* Products */ = {
			isa = PBXGroup;
			children = (
				5315F41B1E7A86F2009C2C20 /* MJLabel.app */,
				5315F4341E7A86F2009C2C20 /* MJLabelTests.xctest */,
				5315F43F1E7A86F2009C2C20 /* MJLabelUITests.xctest */,
			);
			name = Products;
			sourceTree = "<group>";
		};
		5315F41D1E7A86F2009C2C20 /* MJLabel */ = {
			isa = PBXGroup;
			children = (
				5315F4211E7A86F2009C2C20 /* AppDelegate.h */,
				5315F4221E7A86F2009C2C20 /* AppDelegate.m */,
				5315F4241E7A86F2009C2C20 /* ViewController.h */,
				5315F4251E7A86F2009C2C20 /* ViewController.m */,
				5315F4271E7A86F2009C2C20 /* Main.storyboard */,
				5315F42A1E7A86F2009C2C20 /* Assets.xcassets */,
				5315F42C1E7A86F2009C2C20 /* LaunchScreen.storyboard */,
				5315F42F1E7A86F2009C2C20 /* Info.plist */,
				5315F41E1E7A86F2009C2C20 /* Supporting Files */,
			);
			path = MJLabel;
			sourceTree = "<group>";
		};
		5315F41E1E7A86F2009C2C20 /* Supporting Files */ = {
			isa = PBXGroup;
			children = (
				5315F41F1E7A86F2009C2C20 /* main.m */,
			);
			name = "Supporting Files";
			sourceTree = "<group>";
		};
		5315F4371E7A86F2009C2C20 /* MJLabelTests */ = {
			isa = PBXGroup;
			children = (
				5315F4381E7A86F2009C2C20 /* MJLabelTests.m */,
				5315F43A1E7A86F2009C2C20 /* Info.plist */,
			);
			path = MJLabelTests;
			sourceTree = "<group>";
		};
		5315F4421E7A86F2009C2C20 /* MJLabelUITests */ = {
			isa = PBXGroup;
			children = (
				5315F4431E7A86F2009C2C20 /* MJLabelUITests.m */,
				5315F4451E7A86F2009C2C20 /* Info.plist */,
			);
			path = MJLabelUITests;
			sourceTree = "<group>";
		};
/* End PBXGroup section */

/* Begin PBXNativeTarget section */
		5315F41A1E7A86F2009C2C20 /* MJLabel */ = {
			isa = PBXNativeTarget;
			buildConfigurationList = 5315F4481E7A86F2009C2C20 /* Build configuration list for PBXNativeTarget "MJLabel" */;
			buildPhases = (
				5315F4171E7A86F2009C2C20 /* Sources */,
				5315F4181E7A86F2009C2C20 /* Frameworks */,
				5315F4191E7A86F2009C2C20 /* Resources */,
			);
			buildRules = (
			);
			dependencies = (
			);
			name = MJLabel;
			productName = MJLabel;
			productReference = 5315F41B1E7A86F2009C2C20 /* MJLabel.app */;
			productType = "com.apple.product-type.application";
		};
		5315F4331E7A86F2009C2C20 /* MJLabelTests */ = {
			isa = PBXNativeTarget;
			buildConfigurationList = 5315F44B1E7A86F2009C2C20 /* Build configuration list for PBXNativeTarget "MJLabelTests" */;
			buildPhases = (
				5315F4301E7A86F2009C2C20 /* Sources */,
				5315F4311E7A86F2009C2C20 /* Frameworks */,
				5315F4321E7A86F2009C2C20 /* Resources */,
			);
			buildRules = (
			);
			dependencies = (
				5315F4361E7A86F2009C2C20 /* PBXTargetDependency */,
			);
			name = MJLabelTests;
			productName = MJLabelTests;
			productReference = 5315F4341E7A86F2009C2C20 /* MJLabelTests.xctest */;
			productType = "com.apple.product-type.bundle.unit-test";
		};
		5315F43E1E7A86F2009C2C20 /* MJLabelUITests */ = {
			isa = PBXNativeTarget;
			buildConfigurationList = 5315F44E1E7A86F2009C2C20 /* Build configuration list for PBXNativeTarget "MJLabelUITests" */;
			buildPhases = (
				5315F43B1E7A86F2009C2C20 /* Sources */,
				5315F43C1E7A86F2009C2C20 /* Frameworks */,
				5315F43D1E7A86F2009C2C20 /* Resources */,
			);
			buildRules = (
			);
			dependencies = (
				5315F4411E7A86F2009C2C20 /* PBXTargetDependency */,
			);
			name = MJLabelUITests;
			productName = MJLabelUITests;
			productReference = 5315F43F1E7A86F2009C2C20 /* MJLabelUITests.xctest */;
			productType = "com.apple.product-type.bundle.ui-testing";
		};
/* End PBXNativeTarget section */

/* Begin PBXProject section */
		5315F4131E7A86F1009C2C20 /* Project object */ = {
			isa = PBXProject;
			attributes = {
				LastUpgradeCheck = 0820;
				ORGANIZATIONNAME = MJJ;
				TargetAttributes = {
					5315F41A1E7A86F2009C2C20 = {
						CreatedOnToolsVersion = 8.2.1;
						ProvisioningStyle = Automatic;
					};
					5315F4331E7A86F2009C2C20 = {
						CreatedOnToolsVersion = 8.2.1;
						ProvisioningStyle = Automatic;
						TestTargetID = 5315F41A1E7A86F2009C2C20;
					};
					5315F43E1E7A86F2009C2C20 = {
						CreatedOnToolsVersion = 8.2.1;
						ProvisioningStyle = Automatic;
						TestTargetID = 5315F41A1E7A86F2009C2C20;
					};
				};
			};
			buildConfigurationList = 5315F4161E7A86F1009C2C20 /* Build configuration list for PBXProject "MJLabel" */;
			compatibilityVersion = "Xcode 3.2";
			developmentRegion = English;
			hasScannedForEncodings = 0;
			knownRegions = (
				en,
				Base,
			);
			mainGroup = 5315F4121E7A86F1009C2C20;
			productRefGroup = 5315F41C1E7A86F2009C2C20 /* Products */;
			projectDirPath = "";
			projectRoot = "";
			targets = (
				5315F41A1E7A86F2009C2C20 /* MJLabel */,
				5315F4331E7A86F2009C2C20 /* MJLabelTests */,
				5315F43E1E7A86F2009C2C20 /* MJLabelUITests */,
			);
		};
/* End PBXProject section */

/* Begin PBXResourcesBuildPhase section */
		5315F4191E7A86F2009C2C20 /* Resources */ = {
			isa = PBXResourcesBuildPhase;
			buildActionMask = 2147483647;
			files = (
				5315F42E1E7A86F2009C2C20 /* LaunchScreen.storyboard in Resources */,
				5315F42B1E7A86F2009C2C20 /* Assets.xcassets in Resources */,
				5315F4291E7A86F2009C2C20 /* Main.storyboard in Resources */,
			);
			runOnlyForDeploymentPostprocessing = 0;
		};
		5315F4321E7A86F2009C2C20 /* Resources */ = {
			isa = PBXResourcesBuildPhase;
			buildActionMask = 2147483647;
			files = (
			);
			runOnlyForDeploymentPostprocessing = 0;
		};
		5315F43D1E7A86F2009C2C20 /* Resources */ = {
			isa = PBXResourcesBuildPhase;
			buildActionMask = 2147483647;
			files = (
			);
			runOnlyForDeploymentPostprocessing = 0;
		};
/* End PBXResourcesBuildPhase section */

/* Begin PBXSourcesBuildPhase section */
		5315F4171E7A86F2009C2C20 /* Sources */ = {
			isa = PBXSourcesBuildPhase;
			buildActionMask = 2147483647;
			files = (
				5315F4261E7A86F2009C2C20 /* ViewController.m in Sources */,
				5315F4231E7A86F2009C2C20 /* AppDelegate.m in Sources */,
				5315F4201E7A86F2009C2C20 /* main.m in Sources */,
			);
			runOnlyForDeploymentPostprocessing = 0;
		};
		5315F4301E7A86F2009C2C20 /* Sources */ = {
			isa = PBXSourcesBuildPhase;
			buildActionMask = 2147483647;
			files = (
				5315F4391E7A86F2009C2C20 /* MJLabelTests.m in Sources */,
			);
			runOnlyForDeploymentPostprocessing = 0;
		};
		5315F43B1E7A86F2009C2C20 /* Sources */ = {
			isa = PBXSourcesBuildPhase;
			buildActionMask = 2147483647;
			files = (
				5315F4441E7A86F2009C2C20 /* MJLabelUITests.m in Sources */,
			);
			runOnlyForDeploymentPostprocessing = 0;
		};
/* End PBXSourcesBuildPhase section */

/* Begin PBXTargetDependency section */
		5315F4361E7A86F2009C2C20 /* PBXTargetDependency */ = {
			isa = PBXTargetDependency;
			target = 5315F41A1E7A86F2009C2C20 /* MJLabel */;
			targetProxy = 5315F4351E7A86F2009C2C20 /* PBXContainerItemProxy */;
		};
		5315F4411E7A86F2009C2C20 /* PBXTargetDependency */ = {
			isa = PBXTargetDependency;
			target = 5315F41A1E7A86F2009C2C20 /* MJLabel */;
			targetProxy = 5315F4401E7A86F2009C2C20 /* PBXContainerItemProxy */;
		};
/* End PBXTargetDependency section */

/* Begin PBXVariantGroup section */
		5315F4271E7A86F2009C2C20 /* Main.storyboard */ = {
			isa = PBXVariantGroup;
			children = (
				5315F4281E7A86F2009C2C20 /* Base */,
			);
			name = Main.storyboard;
			sourceTree = "<group>";
		};
		5315F42C1E7A86F2009C2C20 /* LaunchScreen.storyboard */ = {
			isa = PBXVariantGroup;
			children = (
				5315F42D1E7A86F2009C2C20 /* Base */,
			);
			name = LaunchScreen.storyboard;
			sourceTree = "<group>";
		};
/* End PBXVariantGroup section */

/* Begin XCBuildConfiguration section */
		5315F4461E7A86F2009C2C20 /* Debug */ = {
			isa = XCBuildConfiguration;
			buildSettings = {
				ALWAYS_SEARCH_USER_PATHS = NO;
				CLANG_ANALYZER_NONNULL = YES;
				CLANG_CXX_LANGUAGE_STANDARD = "gnu++0x";
				CLANG_CXX_LIBRARY = "libc++";
				CLANG_ENABLE_MODULES = YES;
				CLANG_ENABLE_OBJC_ARC = YES;
				CLANG_WARN_BOOL_CONVERSION = YES;
				CLANG_WARN_CONSTANT_CONVERSION = YES;
				CLANG_WARN_DIRECT_OBJC_ISA_USAGE = YES_ERROR;
				CLANG_WARN_DOCUMENTATION_COMMENTS = YES;
				CLANG_WARN_EMPTY_BODY = YES;
				CLANG_WARN_ENUM_CONVERSION = YES;
				CLANG_WARN_INFINITE_RECURSION = YES;
				CLANG_WARN_INT_CONVERSION = YES;
				CLANG_WARN_OBJC_ROOT_CLASS = YES_ERROR;
				CLANG_WARN_SUSPICIOUS_MOVE = YES;
				CLANG_WARN_UNREACHABLE_CODE = YES;
				CLANG_WARN__DUPLICATE_METHOD_MATCH = YES;
				"CODE_SIGN_IDENTITY[sdk=iphoneos*]" = "iPhone Developer";
				COPY_PHASE_STRIP = NO;
				DEBUG_INFORMATION_FORMAT = dwarf;
				ENABLE_STRICT_OBJC_MSGSEND = YES;
				ENABLE_TESTABILITY = YES;
				GCC_C_LANGUAGE_STANDARD = gnu99;
				GCC_DYNAMIC_NO_PIC = NO;
				GCC_NO_COMMON_BLOCKS = YES;
				GCC_OPTIMIZATION_LEVEL = 0;
				GCC_PREPROCESSOR_DEFINITIONS = (
					"DEBUG=1",
					"$(inherited)",
				);
				GCC_WARN_64_TO_32_BIT_CONVERSION = YES;
				GCC_WARN_ABOUT_RETURN_TYPE = YES_ERROR;
				GCC_WARN_UNDECLARED_SELECTOR = YES;
				GCC_WARN_UNINITIALIZED_AUTOS = YES_AGGRESSIVE;
				GCC_WARN_UNUSED_FUNCTION = YES;
				GCC_WARN_UNUSED_VARIABLE = YES;
				IPHONEOS_DEPLOYMENT_TARGET = 10.2;
				MTL_ENABLE_DEBUG_INFO = YES;
				ONLY_ACTIVE_ARCH = YES;
				SDKROOT = iphoneos;
				TARGETED_DEVICE_FAMILY = "1,2";
			};
			name = Debug;
		};
		5315F4471E7A86F2009C2C20 /* Release */ = {
			isa = XCBuildConfiguration;
			buildSettings = {
				ALWAYS_SEARCH_USER_PATHS = NO;
				CLANG_ANALYZER_NONNULL = YES;
				CLANG_CXX_LANGUAGE_STANDARD = "gnu++0x";
				CLANG_CXX_LIBRARY = "libc++";
				CLANG_ENABLE_MODULES = YES;
				CLANG_ENABLE_OBJC_ARC = YES;
				CLANG_WARN_BOOL_CONVERSION = YES;
				CLANG_WARN_CONSTANT_CONVERSION = YES;
				CLANG_WARN_DIRECT_OBJC_ISA_USAGE = YES_ERROR;
				CLANG_WARN_DOCUMENTATION_COMMENTS = YES;
				CLANG_WARN_EMPTY_BODY = YES;
				CLANG_WARN_ENUM_CONVERSION = YES;
				CLANG_WARN_INFINITE_RECURSION = YES;
				CLANG_WARN_INT_CONVERSION = YES;
				CLANG_WARN_OBJC_ROOT_CLASS = YES_ERROR;
				CLANG_WARN_SUSPICIOUS_MOVE = YES;
				CLANG_WARN_UNREACHABLE_CODE = YES;
				CLANG_WARN__DUPLICATE_METHOD_MATCH = YES;
				"CODE_SIGN_IDENTITY[sdk=iphoneos*]" = "iPhone Developer";
				COPY_PHASE_STRIP = NO;
				DEBUG_INFORMATION_FORMAT = "dwarf-with-dsym";
				ENABLE_NS_ASSERTIONS = NO;
				ENABLE_STRICT_OBJC_MSGSEND = YES;
				GCC_C_LANGUAGE_STANDARD = gnu99;
				GCC_NO_COMMON_BLOCKS = YES;
				GCC_WARN_64_TO_32_BIT_CONVERSION = YES;
				GCC_WARN_ABOUT_RETURN_TYPE = YES_ERROR;
				GCC_WARN_UNDECLARED_SELECTOR = YES;
				GCC_WARN_UNINITIALIZED_AUTOS = YES_AGGRESSIVE;
				GCC_WARN_UNUSED_FUNCTION = YES;
				GCC_WARN_UNUSED_VARIABLE = YES;
				IPHONEOS_DEPLOYMENT_TARGET = 10.2;
				MTL_ENABLE_DEBUG_INFO = NO;
				SDKROOT = iphoneos;
				TARGETED_DEVICE_FAMILY = "1,2";
				VALIDATE_PRODUCT = YES;
			};
			name = Release;
		};
		5315F4491E7A86F2009C2C20 /* Debug */ = {
			isa = XCBuildConfiguration;
			buildSettings = {
				ASSETCATALOG_COMPILER_APPICON_NAME = AppIcon;
				INFOPLIST_FILE = MJLabel/Info.plist;
				LD_RUNPATH_SEARCH_PATHS = "$(inherited) @executable_path/Frameworks";
				PRODUCT_BUNDLE_IDENTIFIER = com.MJJ.MJLabel;
				PRODUCT_NAME = "$(TARGET_NAME)";
			};
			name = Debug;
		};
		5315F44A1E7A86F2009C2C20 /* Release */ = {
			isa = XCBuildConfiguration;
			buildSettings = {
				ASSETCATALOG_COMPILER_APPICON_NAME = AppIcon;
				INFOPLIST_FILE = MJLabel/Info.plist;
				LD_RUNPATH_SEARCH_PATHS = "$(inherited) @executable_path/Frameworks";
				PRODUCT_BUNDLE_IDENTIFIER = com.MJJ.MJLabel;
				PRODUCT_NAME = "$(TARGET_NAME)";
			};
			name = Release;
		};
		5315F44C1E7A86F2009C2C20 /* Debug */ = {
			isa = XCBuildConfiguration;
			buildSettings = {
				BUNDLE_LOADER = "$(TEST_HOST)";
				INFOPLIST_FILE = MJLabelTests/Info.plist;
				LD_RUNPATH_SEARCH_PATHS = "$(inherited) @executable_path/Frameworks @loader_path/Frameworks";
				PRODUCT_BUNDLE_IDENTIFIER = com.MJJ.MJLabelTests;
				PRODUCT_NAME = "$(TARGET_NAME)";
				TEST_HOST = "$(BUILT_PRODUCTS_DIR)/MJLabel.app/MJLabel";
			};
			name = Debug;
		};
		5315F44D1E7A86F2009C2C20 /* Release */ = {
			isa = XCBuildConfiguration;
			buildSettings = {
				BUNDLE_LOADER = "$(TEST_HOST)";
				INFOPLIST_FILE = MJLabelTests/Info.plist;
				LD_RUNPATH_SEARCH_PATHS = "$(inherited) @executable_path/Frameworks @loader_path/Frameworks";
				PRODUCT_BUNDLE_IDENTIFIER = com.MJJ.MJLabelTests;
				PRODUCT_NAME = "$(TARGET_NAME)";
				TEST_HOST = "$(BUILT_PRODUCTS_DIR)/MJLabel.app/MJLabel";
			};
			name = Release;
		};
		5315F44F1E7A86F2009C2C20 /* Debug */ = {
			isa = XCBuildConfiguration;
			buildSettings = {
				INFOPLIST_FILE = MJLabelUITests/Info.plist;
				LD_RUNPATH_SEARCH_PATHS = "$(inherited) @executable_path/Frameworks @loader_path/Frameworks";
				PRODUCT_BUNDLE_IDENTIFIER = com.MJJ.MJLabelUITests;
				PRODUCT_NAME = "$(TARGET_NAME)";
				TEST_TARGET_NAME = MJLabel;
			};
			name = Debug;
		};
		5315F4501E7A86F2009C2C20 /* Release */ = {
			isa = XCBuildConfiguration;
			buildSettings = {
				INFOPLIST_FILE = MJLabelUITests/Info.plist;
				LD_RUNPATH_SEARCH_PATHS = "$(inherited) @executable_path/Frameworks @loader_path/Frameworks";
				PRODUCT_BUNDLE_IDENTIFIER = com.MJJ.MJLabelUITests;
				PRODUCT_NAME = "$(TARGET_NAME)";
				TEST_TARGET_NAME = MJLabel;
			};
			name = Release;
		};
/* End XCBuildConfiguration section */

/* Begin XCConfigurationList section */
		5315F4161E7A86F1009C2C20 /* Build configuration list for PBXProject "MJLabel" */ = {
			isa = XCConfigurationList;
			buildConfigurations = (
				5315F4461E7A86F2009C2C20 /* Debug */,
				5315F4471E7A86F2009C2C20 /* Release */,
			);
			defaultConfigurationIsVisible = 0;
			defaultConfigurationName = Release;
		};
		5315F4481E7A86F2009C2C20 /* Build configuration list for PBXNativeTarget "MJLabel" */ = {
			isa = XCConfigurationList;
			buildConfigurations = (
				5315F4491E7A86F2009C2C20 /* Debug */,
				5315F44A1E7A86F2009C2C20 /* Release */,
			);
			defaultConfigurationIsVisible = 0;
		};
		5315F44B1E7A86F2009C2C20 /* Build configuration list for PBXNativeTarget "MJLabelTests" */ = {
			isa = XCConfigurationList;
			buildConfigurations = (
				5315F44C1E7A86F2009C2C20 /* Debug */,
				5315F44D1E7A86F2009C2C20 /* Release */,
			);
			defaultConfigurationIsVisible = 0;
		};
		5315F44E1E7A86F2009C2C20 /* Build configuration list for PBXNativeTarget "MJLabelUITests" */ = {
			isa = XCConfigurationList;
			buildConfigurations = (
				5315F44F1E7A86F2009C2C20 /* Debug */,
				5315F4501E7A86F2009C2C20 /* Release */,
			);
			defaultConfigurationIsVisible = 0;
		};
/* End XCConfigurationList section */
	};
	rootObject = 5315F4131E7A86F1009C2C20 /* Project object */;
}
